
Microsoft Visual Studio Solution File, Format Version 12.00
# Visual Studio 14
VisualStudioVersion = 14.0.22310.1
MinimumVisualStudioVersion = 10.0.40219.1
Project("{2150E333-8FDC-42A3-9474-1A3956D46DE8}") = ".nuget", ".nuget", "{79D54D39-D840-4315-9966-829420872BE7}"
	ProjectSection(SolutionItems) = preProject
		.nuget\NuGet.Config = .nuget\NuGet.Config
		.nuget\NuGet.exe = .nuget\NuGet.exe
		.nuget\NuGet.targets = .nuget\NuGet.targets
	EndProjectSection
EndProject
Project("{FAE04EC0-301F-11D3-BF4B-00C04F79EFBC}") = "STOOQ.PL", "Plugin\STOOQ.PL.csproj", "{0C89D307-6ED8-4DCE-8509-171914BD672F}"
EndProject
Project("{2150E333-8FDC-42A3-9474-1A3956D46DE8}") = "Solution Items", "Solution Items", "{22FC8633-00E3-41AE-9981-3AF661EA52C8}"
	ProjectSection(SolutionItems) = preProject
		CREDITS.txt = CREDITS.txt
		LICENSE.txt = LICENSE.txt
		README.md = README.md
		Settings.StyleCop = Settings.StyleCop
	EndProjectSection
EndProject
Global
	GlobalSection(SolutionConfigurationPlatforms) = preSolution
		Debug|Any CPU = Debug|Any CPU
		Debug|x64 = Debug|x64
		Debug|x86 = Debug|x86
		Release|Any CPU = Release|Any CPU
		Release|x64 = Release|x64
		Release|x86 = Release|x86
	EndGlobalSection
	GlobalSection(ProjectConfigurationPlatforms) = postSolution
		{0C89D307-6ED8-4DCE-8509-171914BD672F}.Debug|Any CPU.ActiveCfg = Debug|Any CPU
		{0C89D307-6ED8-4DCE-8509-171914BD672F}.Debug|Any CPU.Build.0 = Debug|Any CPU
		{0C89D307-6ED8-4DCE-8509-171914BD672F}.Debug|x64.ActiveCfg = Debug|x64
		{0C89D307-6ED8-4DCE-8509-171914BD672F}.Debug|x64.Build.0 = Debug|x64
		{0C89D307-6ED8-4DCE-8509-171914BD672F}.Debug|x86.ActiveCfg = Debug|x86
		{0C89D307-6ED8-4DCE-8509-171914BD672F}.Debug|x86.Build.0 = Debug|x86
		{0C89D307-6ED8-4DCE-8509-171914BD672F}.Release|Any CPU.ActiveCfg = Release|Any CPU
		{0C89D307-6ED8-4DCE-8509-171914BD672F}.Release|Any CPU.Build.0 = Release|Any CPU
		{0C89D307-6ED8-4DCE-8509-171914BD672F}.Release|x64.ActiveCfg = Release|x64
		{0C89D307-6ED8-4DCE-8509-171914BD672F}.Release|x64.Build.0 = Release|x64
		{0C89D307-6ED8-4DCE-8509-171914BD672F}.Release|x86.ActiveCfg = Release|x86
		{0C89D307-6ED8-4DCE-8509-171914BD672F}.Release|x86.Build.0 = Release|x86
	EndGlobalSection
	GlobalSection(SolutionProperties) = preSolution
		HideSolutionNode = FALSE
	EndGlobalSection
EndGlobal
